PODS:
  - AnyCoder (0.1.4):
    - Runtime
  - Runtime (2.2.2)

DEPENDENCIES:
  - AnyCoder (from `../`)

SPEC REPOS:
  trunk:
    - Runtime

EXTERNAL SOURCES:
  AnyCoder:
    :path: "../"

SPEC CHECKSUMS:
  AnyCoder: 0f3cee6a1ad720907ddc7ea6595f7d12d126a75d
  Runtime: 67741bd196fb4ad821c4d259ccc527bf734d8806

PODFILE CHECKSUM: ab94f7ba0b160571f15e2080f242aa4b45f7e5e7

COCOAPODS: 1.11.3
